
Microsoft Visual Studio Solution File, Format Version 12.00
# Visual Studio Version 16
VisualStudioVersion = 16.0.31702.278
MinimumVisualStudioVersion = 10.0.40219.1
Project("{FAE04EC0-301F-11D3-BF4B-00C04F79EFBC}") = "Byond - A Journey", "Byond - A Journey\Byond - A Journey.csproj", "{05CC6553-5B94-4BF3-AB96-DF23A35781FB}"
EndProject
Global
	GlobalSection(SolutionConfigurationPlatforms) = preSolution
		Debug|Any CPU = Debug|Any CPU
		Release|Any CPU = Release|Any CPU
	EndGlobalSection
	GlobalSection(ProjectConfigurationPlatforms) = postSolution
		{05CC6553-5B94-4BF3-AB96-DF23A35781FB}.Debug|Any CPU.ActiveCfg = Debug|Any CPU
		{05CC6553-5B94-4BF3-AB96-DF23A35781FB}.Debug|Any CPU.Build.0 = Debug|Any CPU
		{05CC6553-5B94-4BF3-AB96-DF23A35781FB}.Release|Any CPU.ActiveCfg = Release|Any CPU
		{05CC6553-5B94-4BF3-AB96-DF23A35781FB}.Release|Any CPU.Build.0 = Release|Any CPU
	EndGlobalSection
	GlobalSection(SolutionProperties) = preSolution
		HideSolutionNode = FALSE
	EndGlobalSection
	GlobalSection(ExtensibilityGlobals) = postSolution
		SolutionGuid = {C0926448-5C1A-40E2-BB79-C4577A74207E}
	EndGlobalSection
EndGlobal
